{
    "_readme": [
        "This file locks the dependencies of your project to a known state",
        "Read more about it at http://getcomposer.org/doc/01-basic-usage.md#composer-lock-the-lock-file",
        "This file is @generated automatically"
    ],
    "hash": "fda6650ef93e783029bd44e47397c4f6",
    "packages": [
        {
            "name": "fkooman/php-lib-config",
            "version": "0.2.2",
            "source": {
                "type": "git",
                "url": "https://github.com/fkooman/php-lib-config.git",
                "reference": "c00a9ea639647bac3ebef1cf1a430220a4c89d21"
            },
            "dist": {
                "type": "zip",
                "url": "https://api.github.com/repos/fkooman/php-lib-config/zipball/c00a9ea639647bac3ebef1cf1a430220a4c89d21",
                "reference": "c00a9ea639647bac3ebef1cf1a430220a4c89d21",
                "shasum": ""
            },
            "require": {
                "fkooman/php-lib-json": "0.3.*",
                "php": ">=5.3.3",
                "symfony/yaml": "2.3.*"
            },
            "type": "library",
            "autoload": {
                "psr-0": {
                    "fkooman\\Config\\": "src/"
                }
            },
            "notification-url": "https://packagist.org/downloads/",
            "license": [
                "Apache-2.0"
            ],
            "authors": [
                {
                    "name": "François Kooman",
                    "email": "fkooman@tuxed.net",
                    "role": "Developer"
                }
            ],
            "description": "PHP library to handle YAML, INI and JSON configuration files",
            "time": "2013-11-07 15:51:11"
        },
        {
            "name": "fkooman/php-lib-json",
            "version": "0.3.0",
            "source": {
                "type": "git",
                "url": "https://github.com/fkooman/php-lib-json.git",
                "reference": "eb64350e01d8a3c11d70d82374ac1bb35a44b7c9"
            },
            "dist": {
                "type": "zip",
                "url": "https://api.github.com/repos/fkooman/php-lib-json/zipball/eb64350e01d8a3c11d70d82374ac1bb35a44b7c9",
                "reference": "eb64350e01d8a3c11d70d82374ac1bb35a44b7c9",
                "shasum": ""
            },
            "require": {
                "php": ">=5.3.0"
            },
            "type": "library",
            "autoload": {
                "psr-0": {
                    "fkooman\\Json\\": "src/"
                }
            },
            "notification-url": "https://packagist.org/downloads/",
            "license": [
                "Apache-2.0"
            ],
            "authors": [
                {
                    "name": "François Kooman",
                    "email": "fkooman@tuxed.net",
                    "role": "Developer"
                }
            ],
            "description": "PHP library to encode and decode JSON",
            "time": "2013-11-07 15:48:53"
        },
        {
            "name": "fkooman/php-lib-rest",
            "version": "0.3.1",
            "source": {
                "type": "git",
                "url": "https://github.com/fkooman/php-lib-rest.git",
                "reference": "c3cf128e4878173b392ca577a65a2c36476f6565"
            },
            "dist": {
                "type": "zip",
                "url": "https://api.github.com/repos/fkooman/php-lib-rest/zipball/c3cf128e4878173b392ca577a65a2c36476f6565",
                "reference": "c3cf128e4878173b392ca577a65a2c36476f6565",
                "shasum": ""
            },
            "require": {
                "fkooman/php-lib-json": "0.3.*",
                "php": ">=5.3.3"
            },
            "require-dev": {
                "sami/sami": "v1.1"
            },
            "type": "library",
            "autoload": {
                "psr-0": {
                    "fkooman\\Http\\": "src/",
                    "fkooman\\Rest\\": "src/"
                }
            },
            "notification-url": "https://packagist.org/downloads/",
            "license": [
                "Apache-2.0"
            ],
            "authors": [
                {
                    "name": "François Kooman",
                    "email": "fkooman@tuxed.net",
                    "role": "Developer"
                }
            ],
            "description": "Simple PHP library for writing REST services.",
            "time": "2013-11-12 13:32:42"
        },
        {
            "name": "fkooman/php-oauth-lib-common",
            "version": "0.4.2",
            "source": {
                "type": "git",
                "url": "https://github.com/fkooman/php-oauth-lib-common.git",
                "reference": "c579d9a367a05f0a5fbd5321e2102ac9441474d8"
            },
            "dist": {
                "type": "zip",
                "url": "https://api.github.com/repos/fkooman/php-oauth-lib-common/zipball/c579d9a367a05f0a5fbd5321e2102ac9441474d8",
                "reference": "c579d9a367a05f0a5fbd5321e2102ac9441474d8",
                "shasum": ""
            },
            "require": {
                "php": ">=5.3.3"
            },
            "type": "library",
            "autoload": {
                "psr-0": {
                    "fkooman\\OAuth\\Common\\": "src/"
                }
            },
            "notification-url": "https://packagist.org/downloads/",
            "license": [
                "Apache-2.0"
            ],
            "authors": [
                {
                    "name": "François Kooman",
                    "email": "fkooman@tuxed.net",
                    "role": "Developer"
                }
            ],
            "description": "PHP library for common OAuth classes.",
            "time": "2014-06-16 08:53:40"
        },
        {
            "name": "symfony/yaml",
            "version": "v2.3.16",
            "target-dir": "Symfony/Component/Yaml",
            "source": {
                "type": "git",
                "url": "https://github.com/symfony/Yaml.git",
                "reference": "2e257c292cfce88bf6c894a03d0fe8d782055aee"
            },
            "dist": {
                "type": "zip",
                "url": "https://api.github.com/repos/symfony/Yaml/zipball/2e257c292cfce88bf6c894a03d0fe8d782055aee",
                "reference": "2e257c292cfce88bf6c894a03d0fe8d782055aee",
                "shasum": ""
            },
            "require": {
                "php": ">=5.3.3"
            },
            "type": "library",
            "extra": {
                "branch-alias": {
                    "dev-master": "2.3-dev"
                }
            },
            "autoload": {
                "psr-0": {
                    "Symfony\\Component\\Yaml\\": ""
                }
            },
            "notification-url": "https://packagist.org/downloads/",
            "license": [
                "MIT"
            ],
            "authors": [
                {
                    "name": "Fabien Potencier",
                    "email": "fabien@symfony.com",
                    "homepage": "http://fabien.potencier.org",
                    "role": "Lead Developer"
                },
                {
                    "name": "Symfony Community",
                    "homepage": "http://symfony.com/contributors"
                }
            ],
            "description": "Symfony Yaml Component",
            "homepage": "http://symfony.com",
            "time": "2014-05-12 09:13:35"
        },
        {
            "name": "twig/twig",
            "version": "v1.15.1",
            "source": {
                "type": "git",
                "url": "https://github.com/fabpot/Twig.git",
                "reference": "1fb5784662f438d7d96a541e305e28b812e2eeed"
            },
            "dist": {
                "type": "zip",
                "url": "https://api.github.com/repos/fabpot/Twig/zipball/1fb5784662f438d7d96a541e305e28b812e2eeed",
                "reference": "1fb5784662f438d7d96a541e305e28b812e2eeed",
                "shasum": ""
            },
            "require": {
                "php": ">=5.2.4"
            },
            "type": "library",
            "extra": {
                "branch-alias": {
                    "dev-master": "1.15-dev"
                }
            },
            "autoload": {
                "psr-0": {
                    "Twig_": "lib/"
                }
            },
            "notification-url": "https://packagist.org/downloads/",
            "license": [
                "BSD-3-Clause"
            ],
            "authors": [
                {
                    "name": "Fabien Potencier",
                    "email": "fabien@symfony.com",
                    "homepage": "http://fabien.potencier.org",
                    "role": "Lead Developer"
                },
                {
                    "name": "Armin Ronacher",
                    "email": "armin.ronacher@active-4.com",
                    "role": "Project Founder"
                },
                {
                    "name": "Twig Team",
                    "homepage": "https://github.com/fabpot/Twig/graphs/contributors",
                    "role": "Contributors"
                }
            ],
            "description": "Twig, the flexible, fast, and secure template language for PHP",
            "homepage": "http://twig.sensiolabs.org",
            "keywords": [
                "templating"
            ],
            "time": "2014-02-13 10:19:29"
        }
    ],
    "packages-dev": [

    ],
    "aliases": [

    ],
    "minimum-stability": "stable",
    "stability-flags": [

    ],
    "platform": {
        "ext-openssl": "*",
        "php": ">=5.3.3"
    },
    "platform-dev": [

    ]
}
